# This file is automatically @generated by Cargo.
# It is not intended for manual editing.
[[package]]
name = "cc"
version = "1.0.66"
source = "registry+https://github.com/rust-lang/crates.io-index"
checksum = "4c0496836a84f8d0495758516b8621a622beb77c0fed418570e50764093ced48"

[[package]]
name = "cxx"
version = "1.0.10"
source = "registry+https://github.com/rust-lang/crates.io-index"
checksum = "e370dbdce657d6a365cb15c9e70c68a33eaa8715ee41886b984525739ec14c0e"
dependencies = [
 "cc",
 "cxxbridge-flags",
 "cxxbridge-macro",
 "link-cplusplus",
]

[[package]]
name = "cxxbridge-flags"
version = "1.0.10"
source = "registry+https://github.com/rust-lang/crates.io-index"
checksum = "f8df22c5a64b91cfe82690c445d5153c68600eef17bcbb13d5a577464e5a8847"

[[package]]
name = "cxxbridge-macro"
version = "1.0.10"
source = "registry+https://github.com/rust-lang/crates.io-index"
checksum = "47efdc7db8f6b85de2d2a922c8699ca2e9e9a74060e3ac41c04e6e40290c91d5"
dependencies = [
 "proc-macro2",
 "quote",
 "syn",
]

[[package]]
name = "libc"
version = "0.2.80"
source = "registry+https://github.com/rust-lang/crates.io-index"
checksum = "4d58d1b70b004888f764dfbf6a26a3b0342a1632d33968e4a179d8011c760614"

[[package]]
name = "link-cplusplus"
version = "1.0.4"
source = "registry+https://github.com/rust-lang/crates.io-index"
checksum = "f96aa785c87218ec773df6c510af203872b34e2df2cf47d6e908e5f36231e354"
dependencies = [
 "cc",
]

[[package]]
name = "opencompgraph-rs"
version = "0.1.0"
dependencies = [
 "cxx",
 "libc",
]

[[package]]
name = "proc-macro2"
version = "1.0.24"
source = "registry+https://github.com/rust-lang/crates.io-index"
checksum = "1e0704ee1a7e00d7bb417d0770ea303c1bccbabf0ef1667dae92b5967f5f8a71"
dependencies = [
 "unicode-xid",
]

[[package]]
name = "quote"
version = "1.0.7"
source = "registry+https://github.com/rust-lang/crates.io-index"
checksum = "aa563d17ecb180e500da1cfd2b028310ac758de548efdd203e18f283af693f37"
dependencies = [
 "proc-macro2",
]

[[package]]
name = "syn"
version = "1.0.53"
source = "registry+https://github.com/rust-lang/crates.io-index"
checksum = "8833e20724c24de12bbaba5ad230ea61c3eafb05b881c7c9d3cfe8638b187e68"
dependencies = [
 "proc-macro2",
 "quote",
 "unicode-xid",
]

[[package]]
name = "unicode-xid"
version = "0.2.1"
source = "registry+https://github.com/rust-lang/crates.io-index"
checksum = "f7fe0bb3479651439c9112f72b6c505038574c9fbb575ed1bf3b797fa39dd564"
